
Microsoft Visual Studio Solution File, Format Version 12.00
# Visual Studio Version 17
VisualStudioVersion = 17.7.34031.279
MinimumVisualStudioVersion = 10.0.40219.1
Project("{FAE04EC0-301F-11D3-BF4B-00C04F79EFBC}") = "Phase3-PracticeProj-sec6-WEbapi-StudentMarks", "Phase3-PracticeProj-sec6-WEbapi-StudentMarks\Phase3-PracticeProj-sec6-WEbapi-StudentMarks.csproj", "{7855FB25-F5A3-49B8-B215-2A9C2DEA54EF}"
EndProject
Global
	GlobalSection(SolutionConfigurationPlatforms) = preSolution
		Debug|Any CPU = Debug|Any CPU
		Release|Any CPU = Release|Any CPU
	EndGlobalSection
	GlobalSection(ProjectConfigurationPlatforms) = postSolution
		{7855FB25-F5A3-49B8-B215-2A9C2DEA54EF}.Debug|Any CPU.ActiveCfg = Debug|Any CPU
		{7855FB25-F5A3-49B8-B215-2A9C2DEA54EF}.Debug|Any CPU.Build.0 = Debug|Any CPU
		{7855FB25-F5A3-49B8-B215-2A9C2DEA54EF}.Release|Any CPU.ActiveCfg = Release|Any CPU
		{7855FB25-F5A3-49B8-B215-2A9C2DEA54EF}.Release|Any CPU.Build.0 = Release|Any CPU
	EndGlobalSection
	GlobalSection(SolutionProperties) = preSolution
		HideSolutionNode = FALSE
	EndGlobalSection
	GlobalSection(ExtensibilityGlobals) = postSolution
		SolutionGuid = {37D3558E-F533-437F-87E2-7807E34B1BC0}
	EndGlobalSection
EndGlobal
